
Microsoft Visual Studio Solution File, Format Version 12.00
# Visual Studio Version 17
VisualStudioVersion = 17.8.34330.188
MinimumVisualStudioVersion = 10.0.40219.1
Project("{FAE04EC0-301F-11D3-BF4B-00C04F79EFBC}") = "karesz", "karesz.csproj", "{336FF073-51BD-4C6B-BDC4-9D266AC0DFB3}"
EndProject
Global
	GlobalSection(SolutionConfigurationPlatforms) = preSolution
		Debug|Any CPU = Debug|Any CPU
		Release|Any CPU = Release|Any CPU
	EndGlobalSection
	GlobalSection(ProjectConfigurationPlatforms) = postSolution
		{336FF073-51BD-4C6B-BDC4-9D266AC0DFB3}.Debug|Any CPU.ActiveCfg = Debug|Any CPU
		{336FF073-51BD-4C6B-BDC4-9D266AC0DFB3}.Debug|Any CPU.Build.0 = Debug|Any CPU
		{336FF073-51BD-4C6B-BDC4-9D266AC0DFB3}.Release|Any CPU.ActiveCfg = Release|Any CPU
		{336FF073-51BD-4C6B-BDC4-9D266AC0DFB3}.Release|Any CPU.Build.0 = Release|Any CPU
	EndGlobalSection
	GlobalSection(SolutionProperties) = preSolution
		HideSolutionNode = FALSE
	EndGlobalSection
	GlobalSection(ExtensibilityGlobals) = postSolution
		SolutionGuid = {09552CCD-EEF6-43E4-AFDD-961388969845}
	EndGlobalSection
EndGlobal
